
Microsoft Visual Studio Solution File, Format Version 12.00
# Visual Studio Version 17
VisualStudioVersion = 17.13.35806.99
MinimumVisualStudioVersion = 10.0.40219.1
Project("{FAE04EC0-301F-11D3-BF4B-00C04F79EFBC}") = "Musaed.App", "Musaed.App\Musaed.App.csproj", "{86C690A7-8C23-4110-AC39-990592717AE0}"
EndProject
Project("{FAE04EC0-301F-11D3-BF4B-00C04F79EFBC}") = "Musaed.Infrastructure", "Musaed.Infrastructure\Musaed.Infrastructure.csproj", "{7BCCA70A-DF79-4629-A3A9-856BD283FA6D}"
EndProject
Project("{FAE04EC0-301F-11D3-BF4B-00C04F79EFBC}") = "Musaed.Core", "Musaed.Core\Musaed.Core.csproj", "{0DE7B2A4-36C6-4B45-B732-2AA6C5EC8AD6}"
EndProject
Global
	GlobalSection(SolutionConfigurationPlatforms) = preSolution
		Debug|Any CPU = Debug|Any CPU
		Debug|ARM = Debug|ARM
		Debug|ARM64 = Debug|ARM64
		Debug|x64 = Debug|x64
		Debug|x86 = Debug|x86
		Release|Any CPU = Release|Any CPU
		Release|ARM = Release|ARM
		Release|ARM64 = Release|ARM64
		Release|x64 = Release|x64
		Release|x86 = Release|x86
	EndGlobalSection
	GlobalSection(ProjectConfigurationPlatforms) = postSolution
		{86C690A7-8C23-4110-AC39-990592717AE0}.Debug|Any CPU.ActiveCfg = Debug|Any CPU
		{86C690A7-8C23-4110-AC39-990592717AE0}.Debug|Any CPU.Build.0 = Debug|Any CPU
		{86C690A7-8C23-4110-AC39-990592717AE0}.Debug|ARM.ActiveCfg = Debug|Any CPU
		{86C690A7-8C23-4110-AC39-990592717AE0}.Debug|ARM.Build.0 = Debug|Any CPU
		{86C690A7-8C23-4110-AC39-990592717AE0}.Debug|ARM64.ActiveCfg = Debug|Any CPU
		{86C690A7-8C23-4110-AC39-990592717AE0}.Debug|ARM64.Build.0 = Debug|Any CPU
		{86C690A7-8C23-4110-AC39-990592717AE0}.Debug|x64.ActiveCfg = Debug|Any CPU
		{86C690A7-8C23-4110-AC39-990592717AE0}.Debug|x64.Build.0 = Debug|Any CPU
		{86C690A7-8C23-4110-AC39-990592717AE0}.Debug|x86.ActiveCfg = Debug|Any CPU
		{86C690A7-8C23-4110-AC39-990592717AE0}.Debug|x86.Build.0 = Debug|Any CPU
		{86C690A7-8C23-4110-AC39-990592717AE0}.Release|Any CPU.ActiveCfg = Release|Any CPU
		{86C690A7-8C23-4110-AC39-990592717AE0}.Release|Any CPU.Build.0 = Release|Any CPU
		{86C690A7-8C23-4110-AC39-990592717AE0}.Release|ARM.ActiveCfg = Release|Any CPU
		{86C690A7-8C23-4110-AC39-990592717AE0}.Release|ARM.Build.0 = Release|Any CPU
		{86C690A7-8C23-4110-AC39-990592717AE0}.Release|ARM64.ActiveCfg = Release|Any CPU
		{86C690A7-8C23-4110-AC39-990592717AE0}.Release|ARM64.Build.0 = Release|Any CPU
		{86C690A7-8C23-4110-AC39-990592717AE0}.Release|x64.ActiveCfg = Release|Any CPU
		{86C690A7-8C23-4110-AC39-990592717AE0}.Release|x64.Build.0 = Release|Any CPU
		{86C690A7-8C23-4110-AC39-990592717AE0}.Release|x86.ActiveCfg = Release|Any CPU
		{86C690A7-8C23-4110-AC39-990592717AE0}.Release|x86.Build.0 = Release|Any CPU
		{7BCCA70A-DF79-4629-A3A9-856BD283FA6D}.Debug|Any CPU.ActiveCfg = Debug|Any CPU
		{7BCCA70A-DF79-4629-A3A9-856BD283FA6D}.Debug|Any CPU.Build.0 = Debug|Any CPU
		{7BCCA70A-DF79-4629-A3A9-856BD283FA6D}.Debug|ARM.ActiveCfg = Debug|Any CPU
		{7BCCA70A-DF79-4629-A3A9-856BD283FA6D}.Debug|ARM.Build.0 = Debug|Any CPU
		{7BCCA70A-DF79-4629-A3A9-856BD283FA6D}.Debug|ARM64.ActiveCfg = Debug|Any CPU
		{7BCCA70A-DF79-4629-A3A9-856BD283FA6D}.Debug|ARM64.Build.0 = Debug|Any CPU
		{7BCCA70A-DF79-4629-A3A9-856BD283FA6D}.Debug|x64.ActiveCfg = Debug|Any CPU
		{7BCCA70A-DF79-4629-A3A9-856BD283FA6D}.Debug|x64.Build.0 = Debug|Any CPU
		{7BCCA70A-DF79-4629-A3A9-856BD283FA6D}.Debug|x86.ActiveCfg = Debug|Any CPU
		{7BCCA70A-DF79-4629-A3A9-856BD283FA6D}.Debug|x86.Build.0 = Debug|Any CPU
		{7BCCA70A-DF79-4629-A3A9-856BD283FA6D}.Release|Any CPU.ActiveCfg = Release|Any CPU
		{7BCCA70A-DF79-4629-A3A9-856BD283FA6D}.Release|Any CPU.Build.0 = Release|Any CPU
		{7BCCA70A-DF79-4629-A3A9-856BD283FA6D}.Release|ARM.ActiveCfg = Release|Any CPU
		{7BCCA70A-DF79-4629-A3A9-856BD283FA6D}.Release|ARM.Build.0 = Release|Any CPU
		{7BCCA70A-DF79-4629-A3A9-856BD283FA6D}.Release|ARM64.ActiveCfg = Release|Any CPU
		{7BCCA70A-DF79-4629-A3A9-856BD283FA6D}.Release|ARM64.Build.0 = Release|Any CPU
		{7BCCA70A-DF79-4629-A3A9-856BD283FA6D}.Release|x64.ActiveCfg = Release|Any CPU
		{7BCCA70A-DF79-4629-A3A9-856BD283FA6D}.Release|x64.Build.0 = Release|Any CPU
		{7BCCA70A-DF79-4629-A3A9-856BD283FA6D}.Release|x86.ActiveCfg = Release|Any CPU
		{7BCCA70A-DF79-4629-A3A9-856BD283FA6D}.Release|x86.Build.0 = Release|Any CPU
		{0DE7B2A4-36C6-4B45-B732-2AA6C5EC8AD6}.Debug|Any CPU.ActiveCfg = Debug|Any CPU
		{0DE7B2A4-36C6-4B45-B732-2AA6C5EC8AD6}.Debug|Any CPU.Build.0 = Debug|Any CPU
		{0DE7B2A4-36C6-4B45-B732-2AA6C5EC8AD6}.Debug|ARM.ActiveCfg = Debug|Any CPU
		{0DE7B2A4-36C6-4B45-B732-2AA6C5EC8AD6}.Debug|ARM.Build.0 = Debug|Any CPU
		{0DE7B2A4-36C6-4B45-B732-2AA6C5EC8AD6}.Debug|ARM64.ActiveCfg = Debug|Any CPU
		{0DE7B2A4-36C6-4B45-B732-2AA6C5EC8AD6}.Debug|ARM64.Build.0 = Debug|Any CPU
		{0DE7B2A4-36C6-4B45-B732-2AA6C5EC8AD6}.Debug|x64.ActiveCfg = Debug|Any CPU
		{0DE7B2A4-36C6-4B45-B732-2AA6C5EC8AD6}.Debug|x64.Build.0 = Debug|Any CPU
		{0DE7B2A4-36C6-4B45-B732-2AA6C5EC8AD6}.Debug|x86.ActiveCfg = Debug|Any CPU
		{0DE7B2A4-36C6-4B45-B732-2AA6C5EC8AD6}.Debug|x86.Build.0 = Debug|Any CPU
		{0DE7B2A4-36C6-4B45-B732-2AA6C5EC8AD6}.Release|Any CPU.ActiveCfg = Release|Any CPU
		{0DE7B2A4-36C6-4B45-B732-2AA6C5EC8AD6}.Release|Any CPU.Build.0 = Release|Any CPU
		{0DE7B2A4-36C6-4B45-B732-2AA6C5EC8AD6}.Release|ARM.ActiveCfg = Release|Any CPU
		{0DE7B2A4-36C6-4B45-B732-2AA6C5EC8AD6}.Release|ARM.Build.0 = Release|Any CPU
		{0DE7B2A4-36C6-4B45-B732-2AA6C5EC8AD6}.Release|ARM64.ActiveCfg = Release|Any CPU
		{0DE7B2A4-36C6-4B45-B732-2AA6C5EC8AD6}.Release|ARM64.Build.0 = Release|Any CPU
		{0DE7B2A4-36C6-4B45-B732-2AA6C5EC8AD6}.Release|x64.ActiveCfg = Release|Any CPU
		{0DE7B2A4-36C6-4B45-B732-2AA6C5EC8AD6}.Release|x64.Build.0 = Release|Any CPU
		{0DE7B2A4-36C6-4B45-B732-2AA6C5EC8AD6}.Release|x86.ActiveCfg = Release|Any CPU
		{0DE7B2A4-36C6-4B45-B732-2AA6C5EC8AD6}.Release|x86.Build.0 = Release|Any CPU
	EndGlobalSection
	GlobalSection(SolutionProperties) = preSolution
		HideSolutionNode = FALSE
	EndGlobalSection
	GlobalSection(ExtensibilityGlobals) = postSolution
		SolutionGuid = {8803BB96-7705-4AD7-A49E-00FBA89516FE}
	EndGlobalSection
EndGlobal
